{
    "_readme": [
        "This file locks the dependencies of your project to a known state",
        "Read more about it at http://getcomposer.org/doc/01-basic-usage.md#composer-lock-the-lock-file"
    ],
    "hash": "f438e9ca1fc5e6ae55512783b3300ee6",
    "packages": [
        {
            "name": "kriswallsmith/spork",
            "version": "dev-master",
            "source": {
                "type": "git",
                "url": "https://github.com/kriswallsmith/spork.git",
                "reference": "70a466937572d59b20b8356d75f19e7abbeb5b0a"
            },
            "dist": {
                "type": "zip",
                "url": "https://api.github.com/repos/kriswallsmith/spork/zipball/70a466937572d59b20b8356d75f19e7abbeb5b0a",
                "reference": "70a466937572d59b20b8356d75f19e7abbeb5b0a",
                "shasum": ""
            },
            "require": {
                "ext-pcntl": "*",
                "ext-posix": "*",
                "php": ">=5.3.0",
                "symfony/event-dispatcher": "*"
            },
            "type": "library",
            "autoload": {
                "psr-0": {
                    "Spork": "src/"
                }
            },
            "notification-url": "https://packagist.org/downloads/",
            "license": [
                "MIT"
            ],
            "authors": [
                {
                    "name": "Kris Wallsmith",
                    "email": "kris.wallsmith@gmail.com",
                    "homepage": "http://kriswallsmith.net/"
                }
            ],
            "description": "Asynchronous PHP",
            "homepage": "https://github.com/kriswallsmith/spork",
            "time": "2013-07-14 20:18:13"
        },
        {
            "name": "symfony/event-dispatcher",
            "version": "v2.3.4",
            "target-dir": "Symfony/Component/EventDispatcher",
            "source": {
                "type": "git",
                "url": "https://github.com/symfony/EventDispatcher.git",
                "reference": "41c9826457c65fa3cf746f214985b7ca9cba42f8"
            },
            "dist": {
                "type": "zip",
                "url": "https://api.github.com/repos/symfony/EventDispatcher/zipball/41c9826457c65fa3cf746f214985b7ca9cba42f8",
                "reference": "41c9826457c65fa3cf746f214985b7ca9cba42f8",
                "shasum": ""
            },
            "require": {
                "php": ">=5.3.3"
            },
            "require-dev": {
                "symfony/dependency-injection": "~2.0"
            },
            "suggest": {
                "symfony/dependency-injection": "",
                "symfony/http-kernel": ""
            },
            "type": "library",
            "extra": {
                "branch-alias": {
                    "dev-master": "2.3-dev"
                }
            },
            "autoload": {
                "psr-0": {
                    "Symfony\\Component\\EventDispatcher\\": ""
                }
            },
            "notification-url": "https://packagist.org/downloads/",
            "license": [
                "MIT"
            ],
            "authors": [
                {
                    "name": "Fabien Potencier",
                    "email": "fabien@symfony.com"
                },
                {
                    "name": "Symfony Community",
                    "homepage": "http://symfony.com/contributors"
                }
            ],
            "description": "Symfony EventDispatcher Component",
            "homepage": "http://symfony.com",
            "time": "2013-07-21 12:12:18"
        }
    ],
    "packages-dev": [

    ],
    "aliases": [

    ],
    "minimum-stability": "stable",
    "stability-flags": {
        "kriswallsmith/spork": 20
    },
    "platform": {
        "php": ">=5.4"
    },
    "platform-dev": [

    ]
}
